
Microsoft Visual Studio Solution File, Format Version 12.00
# Visual Studio 15
VisualStudioVersion = 15.0.28307.572
MinimumVisualStudioVersion = 10.0.40219.1
Project("{FAE04EC0-301F-11D3-BF4B-00C04F79EFBC}") = "loco.Android", "loco\loco.Android\loco.Android.csproj", "{2BA8A86A-E99B-4E86-9BF2-05502690D0CF}"
EndProject
Project("{FAE04EC0-301F-11D3-BF4B-00C04F79EFBC}") = "loco.iOS", "loco\loco.iOS\loco.iOS.csproj", "{102C378E-A9BE-4D9B-AC93-3F218FFCC64D}"
EndProject
Project("{FAE04EC0-301F-11D3-BF4B-00C04F79EFBC}") = "loco.UWP", "loco\loco.UWP\loco.UWP.csproj", "{2C5B41F3-FF91-4426-9568-96F49108064F}"
EndProject
Project("{FAE04EC0-301F-11D3-BF4B-00C04F79EFBC}") = "loco.MobileAppService", "loco\loco.MobileAppService\loco.MobileAppService.csproj", "{9C9F1968-69D6-4C3B-B447-36271D56CB55}"
EndProject
Project("{FAE04EC0-301F-11D3-BF4B-00C04F79EFBC}") = "loco", "loco\loco\loco.csproj", "{220DAA08-F631-4812-92BE-F5A8FEC5A9FD}"
EndProject
Global
	GlobalSection(SolutionConfigurationPlatforms) = preSolution
		Debug|Any CPU = Debug|Any CPU
		Debug|ARM = Debug|ARM
		Debug|iPhone = Debug|iPhone
		Debug|iPhoneSimulator = Debug|iPhoneSimulator
		Debug|x64 = Debug|x64
		Debug|x86 = Debug|x86
		Release|Any CPU = Release|Any CPU
		Release|ARM = Release|ARM
		Release|iPhone = Release|iPhone
		Release|iPhoneSimulator = Release|iPhoneSimulator
		Release|x64 = Release|x64
		Release|x86 = Release|x86
	EndGlobalSection
	GlobalSection(ProjectConfigurationPlatforms) = postSolution
		{2BA8A86A-E99B-4E86-9BF2-05502690D0CF}.Debug|Any CPU.ActiveCfg = Debug|Any CPU
		{2BA8A86A-E99B-4E86-9BF2-05502690D0CF}.Debug|Any CPU.Build.0 = Debug|Any CPU
		{2BA8A86A-E99B-4E86-9BF2-05502690D0CF}.Debug|Any CPU.Deploy.0 = Debug|Any CPU
		{2BA8A86A-E99B-4E86-9BF2-05502690D0CF}.Debug|ARM.ActiveCfg = Debug|Any CPU
		{2BA8A86A-E99B-4E86-9BF2-05502690D0CF}.Debug|ARM.Build.0 = Debug|Any CPU
		{2BA8A86A-E99B-4E86-9BF2-05502690D0CF}.Debug|ARM.Deploy.0 = Debug|Any CPU
		{2BA8A86A-E99B-4E86-9BF2-05502690D0CF}.Debug|iPhone.ActiveCfg = Debug|Any CPU
		{2BA8A86A-E99B-4E86-9BF2-05502690D0CF}.Debug|iPhone.Build.0 = Debug|Any CPU
		{2BA8A86A-E99B-4E86-9BF2-05502690D0CF}.Debug|iPhone.Deploy.0 = Debug|Any CPU
		{2BA8A86A-E99B-4E86-9BF2-05502690D0CF}.Debug|iPhoneSimulator.ActiveCfg = Debug|Any CPU
		{2BA8A86A-E99B-4E86-9BF2-05502690D0CF}.Debug|iPhoneSimulator.Build.0 = Debug|Any CPU
		{2BA8A86A-E99B-4E86-9BF2-05502690D0CF}.Debug|iPhoneSimulator.Deploy.0 = Debug|Any CPU
		{2BA8A86A-E99B-4E86-9BF2-05502690D0CF}.Debug|x64.ActiveCfg = Debug|Any CPU
		{2BA8A86A-E99B-4E86-9BF2-05502690D0CF}.Debug|x64.Build.0 = Debug|Any CPU
		{2BA8A86A-E99B-4E86-9BF2-05502690D0CF}.Debug|x64.Deploy.0 = Debug|Any CPU
		{2BA8A86A-E99B-4E86-9BF2-05502690D0CF}.Debug|x86.ActiveCfg = Debug|Any CPU
		{2BA8A86A-E99B-4E86-9BF2-05502690D0CF}.Debug|x86.Build.0 = Debug|Any CPU
		{2BA8A86A-E99B-4E86-9BF2-05502690D0CF}.Debug|x86.Deploy.0 = Debug|Any CPU
		{2BA8A86A-E99B-4E86-9BF2-05502690D0CF}.Release|Any CPU.ActiveCfg = Release|Any CPU
		{2BA8A86A-E99B-4E86-9BF2-05502690D0CF}.Release|Any CPU.Build.0 = Release|Any CPU
		{2BA8A86A-E99B-4E86-9BF2-05502690D0CF}.Release|Any CPU.Deploy.0 = Release|Any CPU
		{2BA8A86A-E99B-4E86-9BF2-05502690D0CF}.Release|ARM.ActiveCfg = Release|Any CPU
		{2BA8A86A-E99B-4E86-9BF2-05502690D0CF}.Release|ARM.Build.0 = Release|Any CPU
		{2BA8A86A-E99B-4E86-9BF2-05502690D0CF}.Release|ARM.Deploy.0 = Release|Any CPU
		{2BA8A86A-E99B-4E86-9BF2-05502690D0CF}.Release|iPhone.ActiveCfg = Release|Any CPU
		{2BA8A86A-E99B-4E86-9BF2-05502690D0CF}.Release|iPhone.Build.0 = Release|Any CPU
		{2BA8A86A-E99B-4E86-9BF2-05502690D0CF}.Release|iPhone.Deploy.0 = Release|Any CPU
		{2BA8A86A-E99B-4E86-9BF2-05502690D0CF}.Release|iPhoneSimulator.ActiveCfg = Release|Any CPU
		{2BA8A86A-E99B-4E86-9BF2-05502690D0CF}.Release|iPhoneSimulator.Build.0 = Release|Any CPU
		{2BA8A86A-E99B-4E86-9BF2-05502690D0CF}.Release|iPhoneSimulator.Deploy.0 = Release|Any CPU
		{2BA8A86A-E99B-4E86-9BF2-05502690D0CF}.Release|x64.ActiveCfg = Release|Any CPU
		{2BA8A86A-E99B-4E86-9BF2-05502690D0CF}.Release|x64.Build.0 = Release|Any CPU
		{2BA8A86A-E99B-4E86-9BF2-05502690D0CF}.Release|x64.Deploy.0 = Release|Any CPU
		{2BA8A86A-E99B-4E86-9BF2-05502690D0CF}.Release|x86.ActiveCfg = Release|Any CPU
		{2BA8A86A-E99B-4E86-9BF2-05502690D0CF}.Release|x86.Build.0 = Release|Any CPU
		{2BA8A86A-E99B-4E86-9BF2-05502690D0CF}.Release|x86.Deploy.0 = Release|Any CPU
		{102C378E-A9BE-4D9B-AC93-3F218FFCC64D}.Debug|Any CPU.ActiveCfg = Debug|iPhoneSimulator
		{102C378E-A9BE-4D9B-AC93-3F218FFCC64D}.Debug|Any CPU.Build.0 = Debug|iPhoneSimulator
		{102C378E-A9BE-4D9B-AC93-3F218FFCC64D}.Debug|Any CPU.Deploy.0 = Debug|iPhoneSimulator
		{102C378E-A9BE-4D9B-AC93-3F218FFCC64D}.Debug|ARM.ActiveCfg = Debug|iPhone
		{102C378E-A9BE-4D9B-AC93-3F218FFCC64D}.Debug|ARM.Build.0 = Debug|iPhone
		{102C378E-A9BE-4D9B-AC93-3F218FFCC64D}.Debug|ARM.Deploy.0 = Debug|iPhone
		{102C378E-A9BE-4D9B-AC93-3F218FFCC64D}.Debug|iPhone.ActiveCfg = Debug|iPhone
		{102C378E-A9BE-4D9B-AC93-3F218FFCC64D}.Debug|iPhone.Build.0 = Debug|iPhone
		{102C378E-A9BE-4D9B-AC93-3F218FFCC64D}.Debug|iPhone.Deploy.0 = Debug|iPhone
		{102C378E-A9BE-4D9B-AC93-3F218FFCC64D}.Debug|iPhoneSimulator.ActiveCfg = Debug|iPhoneSimulator
		{102C378E-A9BE-4D9B-AC93-3F218FFCC64D}.Debug|iPhoneSimulator.Build.0 = Debug|iPhoneSimulator
		{102C378E-A9BE-4D9B-AC93-3F218FFCC64D}.Debug|iPhoneSimulator.Deploy.0 = Debug|iPhoneSimulator
		{102C378E-A9BE-4D9B-AC93-3F218FFCC64D}.Debug|x64.ActiveCfg = Debug|iPhone
		{102C378E-A9BE-4D9B-AC93-3F218FFCC64D}.Debug|x64.Build.0 = Debug|iPhone
		{102C378E-A9BE-4D9B-AC93-3F218FFCC64D}.Debug|x64.Deploy.0 = Debug|iPhone
		{102C378E-A9BE-4D9B-AC93-3F218FFCC64D}.Debug|x86.ActiveCfg = Debug|iPhone
		{102C378E-A9BE-4D9B-AC93-3F218FFCC64D}.Debug|x86.Build.0 = Debug|iPhone
		{102C378E-A9BE-4D9B-AC93-3F218FFCC64D}.Debug|x86.Deploy.0 = Debug|iPhone
		{102C378E-A9BE-4D9B-AC93-3F218FFCC64D}.Release|Any CPU.ActiveCfg = Release|iPhone
		{102C378E-A9BE-4D9B-AC93-3F218FFCC64D}.Release|Any CPU.Build.0 = Release|iPhone
		{102C378E-A9BE-4D9B-AC93-3F218FFCC64D}.Release|Any CPU.Deploy.0 = Release|iPhone
		{102C378E-A9BE-4D9B-AC93-3F218FFCC64D}.Release|ARM.ActiveCfg = Release|iPhone
		{102C378E-A9BE-4D9B-AC93-3F218FFCC64D}.Release|ARM.Build.0 = Release|iPhone
		{102C378E-A9BE-4D9B-AC93-3F218FFCC64D}.Release|ARM.Deploy.0 = Release|iPhone
		{102C378E-A9BE-4D9B-AC93-3F218FFCC64D}.Release|iPhone.ActiveCfg = Release|iPhone
		{102C378E-A9BE-4D9B-AC93-3F218FFCC64D}.Release|iPhone.Build.0 = Release|iPhone
		{102C378E-A9BE-4D9B-AC93-3F218FFCC64D}.Release|iPhone.Deploy.0 = Release|iPhone
		{102C378E-A9BE-4D9B-AC93-3F218FFCC64D}.Release|iPhoneSimulator.ActiveCfg = Release|iPhoneSimulator
		{102C378E-A9BE-4D9B-AC93-3F218FFCC64D}.Release|iPhoneSimulator.Build.0 = Release|iPhoneSimulator
		{102C378E-A9BE-4D9B-AC93-3F218FFCC64D}.Release|iPhoneSimulator.Deploy.0 = Release|iPhoneSimulator
		{102C378E-A9BE-4D9B-AC93-3F218FFCC64D}.Release|x64.ActiveCfg = Release|iPhone
		{102C378E-A9BE-4D9B-AC93-3F218FFCC64D}.Release|x64.Build.0 = Release|iPhone
		{102C378E-A9BE-4D9B-AC93-3F218FFCC64D}.Release|x64.Deploy.0 = Release|iPhone
		{102C378E-A9BE-4D9B-AC93-3F218FFCC64D}.Release|x86.ActiveCfg = Release|iPhone
		{102C378E-A9BE-4D9B-AC93-3F218FFCC64D}.Release|x86.Build.0 = Release|iPhone
		{102C378E-A9BE-4D9B-AC93-3F218FFCC64D}.Release|x86.Deploy.0 = Release|iPhone
		{2C5B41F3-FF91-4426-9568-96F49108064F}.Debug|Any CPU.ActiveCfg = Debug|x86
		{2C5B41F3-FF91-4426-9568-96F49108064F}.Debug|Any CPU.Build.0 = Debug|x86
		{2C5B41F3-FF91-4426-9568-96F49108064F}.Debug|Any CPU.Deploy.0 = Debug|x86
		{2C5B41F3-FF91-4426-9568-96F49108064F}.Debug|ARM.ActiveCfg = Debug|ARM
		{2C5B41F3-FF91-4426-9568-96F49108064F}.Debug|ARM.Build.0 = Debug|ARM
		{2C5B41F3-FF91-4426-9568-96F49108064F}.Debug|ARM.Deploy.0 = Debug|ARM
		{2C5B41F3-FF91-4426-9568-96F49108064F}.Debug|iPhone.ActiveCfg = Debug|x86
		{2C5B41F3-FF91-4426-9568-96F49108064F}.Debug|iPhone.Build.0 = Debug|x86
		{2C5B41F3-FF91-4426-9568-96F49108064F}.Debug|iPhone.Deploy.0 = Debug|x86
		{2C5B41F3-FF91-4426-9568-96F49108064F}.Debug|iPhoneSimulator.ActiveCfg = Debug|x86
		{2C5B41F3-FF91-4426-9568-96F49108064F}.Debug|iPhoneSimulator.Build.0 = Debug|x86
		{2C5B41F3-FF91-4426-9568-96F49108064F}.Debug|iPhoneSimulator.Deploy.0 = Debug|x86
		{2C5B41F3-FF91-4426-9568-96F49108064F}.Debug|x64.ActiveCfg = Debug|x64
		{2C5B41F3-FF91-4426-9568-96F49108064F}.Debug|x64.Build.0 = Debug|x64
		{2C5B41F3-FF91-4426-9568-96F49108064F}.Debug|x64.Deploy.0 = Debug|x64
		{2C5B41F3-FF91-4426-9568-96F49108064F}.Debug|x86.ActiveCfg = Debug|x86
		{2C5B41F3-FF91-4426-9568-96F49108064F}.Debug|x86.Build.0 = Debug|x86
		{2C5B41F3-FF91-4426-9568-96F49108064F}.Debug|x86.Deploy.0 = Debug|x86
		{2C5B41F3-FF91-4426-9568-96F49108064F}.Release|Any CPU.ActiveCfg = Release|x86
		{2C5B41F3-FF91-4426-9568-96F49108064F}.Release|Any CPU.Build.0 = Release|x86
		{2C5B41F3-FF91-4426-9568-96F49108064F}.Release|Any CPU.Deploy.0 = Release|x86
		{2C5B41F3-FF91-4426-9568-96F49108064F}.Release|ARM.ActiveCfg = Release|ARM
		{2C5B41F3-FF91-4426-9568-96F49108064F}.Release|ARM.Build.0 = Release|ARM
		{2C5B41F3-FF91-4426-9568-96F49108064F}.Release|ARM.Deploy.0 = Release|ARM
		{2C5B41F3-FF91-4426-9568-96F49108064F}.Release|iPhone.ActiveCfg = Release|x86
		{2C5B41F3-FF91-4426-9568-96F49108064F}.Release|iPhone.Build.0 = Release|x86
		{2C5B41F3-FF91-4426-9568-96F49108064F}.Release|iPhone.Deploy.0 = Release|x86
		{2C5B41F3-FF91-4426-9568-96F49108064F}.Release|iPhoneSimulator.ActiveCfg = Release|x86
		{2C5B41F3-FF91-4426-9568-96F49108064F}.Release|iPhoneSimulator.Build.0 = Release|x86
		{2C5B41F3-FF91-4426-9568-96F49108064F}.Release|iPhoneSimulator.Deploy.0 = Release|x86
		{2C5B41F3-FF91-4426-9568-96F49108064F}.Release|x64.ActiveCfg = Release|x64
		{2C5B41F3-FF91-4426-9568-96F49108064F}.Release|x64.Build.0 = Release|x64
		{2C5B41F3-FF91-4426-9568-96F49108064F}.Release|x64.Deploy.0 = Release|x64
		{2C5B41F3-FF91-4426-9568-96F49108064F}.Release|x86.ActiveCfg = Release|x86
		{2C5B41F3-FF91-4426-9568-96F49108064F}.Release|x86.Build.0 = Release|x86
		{2C5B41F3-FF91-4426-9568-96F49108064F}.Release|x86.Deploy.0 = Release|x86
		{9C9F1968-69D6-4C3B-B447-36271D56CB55}.Debug|Any CPU.ActiveCfg = Debug|Any CPU
		{9C9F1968-69D6-4C3B-B447-36271D56CB55}.Debug|Any CPU.Build.0 = Debug|Any CPU
		{9C9F1968-69D6-4C3B-B447-36271D56CB55}.Debug|Any CPU.Deploy.0 = Debug|Any CPU
		{9C9F1968-69D6-4C3B-B447-36271D56CB55}.Debug|ARM.ActiveCfg = Debug|Any CPU
		{9C9F1968-69D6-4C3B-B447-36271D56CB55}.Debug|ARM.Build.0 = Debug|Any CPU
		{9C9F1968-69D6-4C3B-B447-36271D56CB55}.Debug|ARM.Deploy.0 = Debug|Any CPU
		{9C9F1968-69D6-4C3B-B447-36271D56CB55}.Debug|iPhone.ActiveCfg = Debug|Any CPU
		{9C9F1968-69D6-4C3B-B447-36271D56CB55}.Debug|iPhone.Build.0 = Debug|Any CPU
		{9C9F1968-69D6-4C3B-B447-36271D56CB55}.Debug|iPhone.Deploy.0 = Debug|Any CPU
		{9C9F1968-69D6-4C3B-B447-36271D56CB55}.Debug|iPhoneSimulator.ActiveCfg = Debug|Any CPU
		{9C9F1968-69D6-4C3B-B447-36271D56CB55}.Debug|iPhoneSimulator.Build.0 = Debug|Any CPU
		{9C9F1968-69D6-4C3B-B447-36271D56CB55}.Debug|iPhoneSimulator.Deploy.0 = Debug|Any CPU
		{9C9F1968-69D6-4C3B-B447-36271D56CB55}.Debug|x64.ActiveCfg = Debug|Any CPU
		{9C9F1968-69D6-4C3B-B447-36271D56CB55}.Debug|x64.Build.0 = Debug|Any CPU
		{9C9F1968-69D6-4C3B-B447-36271D56CB55}.Debug|x64.Deploy.0 = Debug|Any CPU
		{9C9F1968-69D6-4C3B-B447-36271D56CB55}.Debug|x86.ActiveCfg = Debug|Any CPU
		{9C9F1968-69D6-4C3B-B447-36271D56CB55}.Debug|x86.Build.0 = Debug|Any CPU
		{9C9F1968-69D6-4C3B-B447-36271D56CB55}.Debug|x86.Deploy.0 = Debug|Any CPU
		{9C9F1968-69D6-4C3B-B447-36271D56CB55}.Release|Any CPU.ActiveCfg = Release|Any CPU
		{9C9F1968-69D6-4C3B-B447-36271D56CB55}.Release|Any CPU.Build.0 = Release|Any CPU
		{9C9F1968-69D6-4C3B-B447-36271D56CB55}.Release|Any CPU.Deploy.0 = Release|Any CPU
		{9C9F1968-69D6-4C3B-B447-36271D56CB55}.Release|ARM.ActiveCfg = Release|Any CPU
		{9C9F1968-69D6-4C3B-B447-36271D56CB55}.Release|ARM.Build.0 = Release|Any CPU
		{9C9F1968-69D6-4C3B-B447-36271D56CB55}.Release|ARM.Deploy.0 = Release|Any CPU
		{9C9F1968-69D6-4C3B-B447-36271D56CB55}.Release|iPhone.ActiveCfg = Release|Any CPU
		{9C9F1968-69D6-4C3B-B447-36271D56CB55}.Release|iPhone.Build.0 = Release|Any CPU
		{9C9F1968-69D6-4C3B-B447-36271D56CB55}.Release|iPhone.Deploy.0 = Release|Any CPU
		{9C9F1968-69D6-4C3B-B447-36271D56CB55}.Release|iPhoneSimulator.ActiveCfg = Release|Any CPU
		{9C9F1968-69D6-4C3B-B447-36271D56CB55}.Release|iPhoneSimulator.Build.0 = Release|Any CPU
		{9C9F1968-69D6-4C3B-B447-36271D56CB55}.Release|iPhoneSimulator.Deploy.0 = Release|Any CPU
		{9C9F1968-69D6-4C3B-B447-36271D56CB55}.Release|x64.ActiveCfg = Release|Any CPU
		{9C9F1968-69D6-4C3B-B447-36271D56CB55}.Release|x64.Build.0 = Release|Any CPU
		{9C9F1968-69D6-4C3B-B447-36271D56CB55}.Release|x64.Deploy.0 = Release|Any CPU
		{9C9F1968-69D6-4C3B-B447-36271D56CB55}.Release|x86.ActiveCfg = Release|Any CPU
		{9C9F1968-69D6-4C3B-B447-36271D56CB55}.Release|x86.Build.0 = Release|Any CPU
		{9C9F1968-69D6-4C3B-B447-36271D56CB55}.Release|x86.Deploy.0 = Release|Any CPU
		{220DAA08-F631-4812-92BE-F5A8FEC5A9FD}.Debug|Any CPU.ActiveCfg = Debug|Any CPU
		{220DAA08-F631-4812-92BE-F5A8FEC5A9FD}.Debug|Any CPU.Build.0 = Debug|Any CPU
		{220DAA08-F631-4812-92BE-F5A8FEC5A9FD}.Debug|Any CPU.Deploy.0 = Debug|Any CPU
		{220DAA08-F631-4812-92BE-F5A8FEC5A9FD}.Debug|ARM.ActiveCfg = Debug|Any CPU
		{220DAA08-F631-4812-92BE-F5A8FEC5A9FD}.Debug|ARM.Build.0 = Debug|Any CPU
		{220DAA08-F631-4812-92BE-F5A8FEC5A9FD}.Debug|ARM.Deploy.0 = Debug|Any CPU
		{220DAA08-F631-4812-92BE-F5A8FEC5A9FD}.Debug|iPhone.ActiveCfg = Debug|Any CPU
		{220DAA08-F631-4812-92BE-F5A8FEC5A9FD}.Debug|iPhone.Build.0 = Debug|Any CPU
		{220DAA08-F631-4812-92BE-F5A8FEC5A9FD}.Debug|iPhone.Deploy.0 = Debug|Any CPU
		{220DAA08-F631-4812-92BE-F5A8FEC5A9FD}.Debug|iPhoneSimulator.ActiveCfg = Debug|Any CPU
		{220DAA08-F631-4812-92BE-F5A8FEC5A9FD}.Debug|iPhoneSimulator.Build.0 = Debug|Any CPU
		{220DAA08-F631-4812-92BE-F5A8FEC5A9FD}.Debug|iPhoneSimulator.Deploy.0 = Debug|Any CPU
		{220DAA08-F631-4812-92BE-F5A8FEC5A9FD}.Debug|x64.ActiveCfg = Debug|Any CPU
		{220DAA08-F631-4812-92BE-F5A8FEC5A9FD}.Debug|x64.Build.0 = Debug|Any CPU
		{220DAA08-F631-4812-92BE-F5A8FEC5A9FD}.Debug|x64.Deploy.0 = Debug|Any CPU
		{220DAA08-F631-4812-92BE-F5A8FEC5A9FD}.Debug|x86.ActiveCfg = Debug|Any CPU
		{220DAA08-F631-4812-92BE-F5A8FEC5A9FD}.Debug|x86.Build.0 = Debug|Any CPU
		{220DAA08-F631-4812-92BE-F5A8FEC5A9FD}.Debug|x86.Deploy.0 = Debug|Any CPU
		{220DAA08-F631-4812-92BE-F5A8FEC5A9FD}.Release|Any CPU.ActiveCfg = Release|Any CPU
		{220DAA08-F631-4812-92BE-F5A8FEC5A9FD}.Release|Any CPU.Build.0 = Release|Any CPU
		{220DAA08-F631-4812-92BE-F5A8FEC5A9FD}.Release|Any CPU.Deploy.0 = Release|Any CPU
		{220DAA08-F631-4812-92BE-F5A8FEC5A9FD}.Release|ARM.ActiveCfg = Release|Any CPU
		{220DAA08-F631-4812-92BE-F5A8FEC5A9FD}.Release|ARM.Build.0 = Release|Any CPU
		{220DAA08-F631-4812-92BE-F5A8FEC5A9FD}.Release|ARM.Deploy.0 = Release|Any CPU
		{220DAA08-F631-4812-92BE-F5A8FEC5A9FD}.Release|iPhone.ActiveCfg = Release|Any CPU
		{220DAA08-F631-4812-92BE-F5A8FEC5A9FD}.Release|iPhone.Build.0 = Release|Any CPU
		{220DAA08-F631-4812-92BE-F5A8FEC5A9FD}.Release|iPhone.Deploy.0 = Release|Any CPU
		{220DAA08-F631-4812-92BE-F5A8FEC5A9FD}.Release|iPhoneSimulator.ActiveCfg = Release|Any CPU
		{220DAA08-F631-4812-92BE-F5A8FEC5A9FD}.Release|iPhoneSimulator.Build.0 = Release|Any CPU
		{220DAA08-F631-4812-92BE-F5A8FEC5A9FD}.Release|iPhoneSimulator.Deploy.0 = Release|Any CPU
		{220DAA08-F631-4812-92BE-F5A8FEC5A9FD}.Release|x64.ActiveCfg = Release|Any CPU
		{220DAA08-F631-4812-92BE-F5A8FEC5A9FD}.Release|x64.Build.0 = Release|Any CPU
		{220DAA08-F631-4812-92BE-F5A8FEC5A9FD}.Release|x64.Deploy.0 = Release|Any CPU
		{220DAA08-F631-4812-92BE-F5A8FEC5A9FD}.Release|x86.ActiveCfg = Release|Any CPU
		{220DAA08-F631-4812-92BE-F5A8FEC5A9FD}.Release|x86.Build.0 = Release|Any CPU
		{220DAA08-F631-4812-92BE-F5A8FEC5A9FD}.Release|x86.Deploy.0 = Release|Any CPU
	EndGlobalSection
	GlobalSection(SolutionProperties) = preSolution
		HideSolutionNode = FALSE
	EndGlobalSection
	GlobalSection(ExtensibilityGlobals) = postSolution
		SolutionGuid = {BED1FC02-8A5D-411C-BC4B-551778B7C8A0}
	EndGlobalSection
EndGlobal
